{
  "name": "@ericcrosson/rust-action-semantic-release-library",
  "version": "0.0.0-semantically-released",
  "lockfileVersion": 2,
  "requires": true,
  "packages": {
    "": {
      "name": "@ericcrosson/rust-action-semantic-release-library",
      "version": "0.0.0-semantically-released"
    }
  }
}
